
Microsoft Visual Studio Solution File, Format Version 12.00
# Visual Studio Version 17
VisualStudioVersion = 17.9.34728.123
MinimumVisualStudioVersion = 10.0.40219.1
Project("{FAE04EC0-301F-11D3-BF4B-00C04F79EFBC}") = "PomoDream", "PomoDream\PomoDream.csproj", "{2C5F0750-2175-4DE3-8744-200A3FDDCA27}"
EndProject
Global
	GlobalSection(SolutionConfigurationPlatforms) = preSolution
		Debug|Any CPU = Debug|Any CPU
		Release|Any CPU = Release|Any CPU
	EndGlobalSection
	GlobalSection(ProjectConfigurationPlatforms) = postSolution
		{2C5F0750-2175-4DE3-8744-200A3FDDCA27}.Debug|Any CPU.ActiveCfg = Debug|Any CPU
		{2C5F0750-2175-4DE3-8744-200A3FDDCA27}.Debug|Any CPU.Build.0 = Debug|Any CPU
		{2C5F0750-2175-4DE3-8744-200A3FDDCA27}.Release|Any CPU.ActiveCfg = Release|Any CPU
		{2C5F0750-2175-4DE3-8744-200A3FDDCA27}.Release|Any CPU.Build.0 = Release|Any CPU
	EndGlobalSection
	GlobalSection(SolutionProperties) = preSolution
		HideSolutionNode = FALSE
	EndGlobalSection
	GlobalSection(ExtensibilityGlobals) = postSolution
		SolutionGuid = {59C253CC-16BE-4261-A5EE-ED9A5CD3227B}
	EndGlobalSection
EndGlobal
