Microsoft Visual Studio Solution File, Format Version 12.00
# Visual Studio Version 17
VisualStudioVersion = 17.5.2.0
MinimumVisualStudioVersion = 10.0.40219.1
Project("{FAE04EC0-301F-11D3-BF4B-00C04F79EFBC}") = "PomoDream", "PomoDream.csproj", "{3C4C7AB5-89A7-AF8D-E961-5C08799A7AFD}"
EndProject
Global
	GlobalSection(SolutionConfigurationPlatforms) = preSolution
		Debug|Any CPU = Debug|Any CPU
		Release|Any CPU = Release|Any CPU
	EndGlobalSection
	GlobalSection(ProjectConfigurationPlatforms) = postSolution
		{3C4C7AB5-89A7-AF8D-E961-5C08799A7AFD}.Debug|Any CPU.ActiveCfg = Debug|Any CPU
		{3C4C7AB5-89A7-AF8D-E961-5C08799A7AFD}.Debug|Any CPU.Build.0 = Debug|Any CPU
		{3C4C7AB5-89A7-AF8D-E961-5C08799A7AFD}.Release|Any CPU.ActiveCfg = Release|Any CPU
		{3C4C7AB5-89A7-AF8D-E961-5C08799A7AFD}.Release|Any CPU.Build.0 = Release|Any CPU
	EndGlobalSection
	GlobalSection(SolutionProperties) = preSolution
		HideSolutionNode = FALSE
	EndGlobalSection
	GlobalSection(ExtensibilityGlobals) = postSolution
		SolutionGuid = {AA1FBBA6-5CD7-4CE3-82D3-9178A9238D33}
	EndGlobalSection
EndGlobal
